
Microsoft Visual Studio Solution File, Format Version 12.00
# Visual Studio 2012
Project("{FAE04EC0-301F-11D3-BF4B-00C04F79EFBC}") = "DrawIOForms", "DrawIOForms\DrawIOForms.csproj", "{C397BFFC-B747-4F46-BD1D-83484AC54F2A}"
EndProject
Project("{FAE04EC0-301F-11D3-BF4B-00C04F79EFBC}") = "DrawIOForms.Android", "DrawIOForms.Android\DrawIOForms.Android.csproj", "{AE66886D-9F64-46AC-BA6D-EBC5132D26CA}"
EndProject
Project("{FAE04EC0-301F-11D3-BF4B-00C04F79EFBC}") = "DrawIOForms.iOS", "DrawIOForms.iOS\DrawIOForms.iOS.csproj", "{F80EF77B-83D1-4B85-A0D7-C30BED0E7A7C}"
EndProject
Global
	GlobalSection(SolutionConfigurationPlatforms) = preSolution
		Debug|Any CPU = Debug|Any CPU
		Release|Any CPU = Release|Any CPU
		Debug|iPhoneSimulator = Debug|iPhoneSimulator
		Release|iPhoneSimulator = Release|iPhoneSimulator
		Debug|iPhone = Debug|iPhone
		Release|iPhone = Release|iPhone
		Ad-Hoc|iPhone = Ad-Hoc|iPhone
		AppStore|iPhone = AppStore|iPhone
	EndGlobalSection
	GlobalSection(ProjectConfigurationPlatforms) = postSolution
		{C397BFFC-B747-4F46-BD1D-83484AC54F2A}.Debug|Any CPU.ActiveCfg = Debug|Any CPU
		{C397BFFC-B747-4F46-BD1D-83484AC54F2A}.Debug|Any CPU.Build.0 = Debug|Any CPU
		{C397BFFC-B747-4F46-BD1D-83484AC54F2A}.Release|Any CPU.ActiveCfg = Release|Any CPU
		{C397BFFC-B747-4F46-BD1D-83484AC54F2A}.Release|Any CPU.Build.0 = Release|Any CPU
		{C397BFFC-B747-4F46-BD1D-83484AC54F2A}.Debug|iPhoneSimulator.ActiveCfg = Debug|Any CPU
		{C397BFFC-B747-4F46-BD1D-83484AC54F2A}.Debug|iPhoneSimulator.Build.0 = Debug|Any CPU
		{C397BFFC-B747-4F46-BD1D-83484AC54F2A}.Release|iPhoneSimulator.ActiveCfg = Release|Any CPU
		{C397BFFC-B747-4F46-BD1D-83484AC54F2A}.Release|iPhoneSimulator.Build.0 = Release|Any CPU
		{C397BFFC-B747-4F46-BD1D-83484AC54F2A}.Debug|iPhone.ActiveCfg = Debug|Any CPU
		{C397BFFC-B747-4F46-BD1D-83484AC54F2A}.Debug|iPhone.Build.0 = Debug|Any CPU
		{C397BFFC-B747-4F46-BD1D-83484AC54F2A}.Release|iPhone.ActiveCfg = Release|Any CPU
		{C397BFFC-B747-4F46-BD1D-83484AC54F2A}.Release|iPhone.Build.0 = Release|Any CPU
		{C397BFFC-B747-4F46-BD1D-83484AC54F2A}.Ad-Hoc|iPhone.ActiveCfg = Debug|Any CPU
		{C397BFFC-B747-4F46-BD1D-83484AC54F2A}.Ad-Hoc|iPhone.Build.0 = Debug|Any CPU
		{C397BFFC-B747-4F46-BD1D-83484AC54F2A}.AppStore|iPhone.ActiveCfg = Debug|Any CPU
		{C397BFFC-B747-4F46-BD1D-83484AC54F2A}.AppStore|iPhone.Build.0 = Debug|Any CPU
		{AE66886D-9F64-46AC-BA6D-EBC5132D26CA}.Debug|Any CPU.ActiveCfg = Debug|Any CPU
		{AE66886D-9F64-46AC-BA6D-EBC5132D26CA}.Debug|Any CPU.Build.0 = Debug|Any CPU
		{AE66886D-9F64-46AC-BA6D-EBC5132D26CA}.Release|Any CPU.ActiveCfg = Release|Any CPU
		{AE66886D-9F64-46AC-BA6D-EBC5132D26CA}.Release|Any CPU.Build.0 = Release|Any CPU
		{AE66886D-9F64-46AC-BA6D-EBC5132D26CA}.Debug|iPhoneSimulator.ActiveCfg = Debug|Any CPU
		{AE66886D-9F64-46AC-BA6D-EBC5132D26CA}.Debug|iPhoneSimulator.Build.0 = Debug|Any CPU
		{AE66886D-9F64-46AC-BA6D-EBC5132D26CA}.Release|iPhoneSimulator.ActiveCfg = Release|Any CPU
		{AE66886D-9F64-46AC-BA6D-EBC5132D26CA}.Release|iPhoneSimulator.Build.0 = Release|Any CPU
		{AE66886D-9F64-46AC-BA6D-EBC5132D26CA}.Debug|iPhone.ActiveCfg = Debug|Any CPU
		{AE66886D-9F64-46AC-BA6D-EBC5132D26CA}.Debug|iPhone.Build.0 = Debug|Any CPU
		{AE66886D-9F64-46AC-BA6D-EBC5132D26CA}.Release|iPhone.ActiveCfg = Release|Any CPU
		{AE66886D-9F64-46AC-BA6D-EBC5132D26CA}.Release|iPhone.Build.0 = Release|Any CPU
		{AE66886D-9F64-46AC-BA6D-EBC5132D26CA}.Ad-Hoc|iPhone.ActiveCfg = Debug|Any CPU
		{AE66886D-9F64-46AC-BA6D-EBC5132D26CA}.Ad-Hoc|iPhone.Build.0 = Debug|Any CPU
		{AE66886D-9F64-46AC-BA6D-EBC5132D26CA}.AppStore|iPhone.ActiveCfg = Debug|Any CPU
		{AE66886D-9F64-46AC-BA6D-EBC5132D26CA}.AppStore|iPhone.Build.0 = Debug|Any CPU
		{F80EF77B-83D1-4B85-A0D7-C30BED0E7A7C}.Debug|Any CPU.ActiveCfg = Debug|iPhoneSimulator
		{F80EF77B-83D1-4B85-A0D7-C30BED0E7A7C}.Debug|Any CPU.Build.0 = Debug|iPhoneSimulator
		{F80EF77B-83D1-4B85-A0D7-C30BED0E7A7C}.Release|Any CPU.ActiveCfg = Release|iPhoneSimulator
		{F80EF77B-83D1-4B85-A0D7-C30BED0E7A7C}.Release|Any CPU.Build.0 = Release|iPhoneSimulator
		{F80EF77B-83D1-4B85-A0D7-C30BED0E7A7C}.Debug|iPhoneSimulator.ActiveCfg = Debug|iPhoneSimulator
		{F80EF77B-83D1-4B85-A0D7-C30BED0E7A7C}.Debug|iPhoneSimulator.Build.0 = Debug|iPhoneSimulator
		{F80EF77B-83D1-4B85-A0D7-C30BED0E7A7C}.Release|iPhoneSimulator.ActiveCfg = Release|iPhoneSimulator
		{F80EF77B-83D1-4B85-A0D7-C30BED0E7A7C}.Release|iPhoneSimulator.Build.0 = Release|iPhoneSimulator
		{F80EF77B-83D1-4B85-A0D7-C30BED0E7A7C}.Debug|iPhone.ActiveCfg = Debug|iPhone
		{F80EF77B-83D1-4B85-A0D7-C30BED0E7A7C}.Debug|iPhone.Build.0 = Debug|iPhone
		{F80EF77B-83D1-4B85-A0D7-C30BED0E7A7C}.Release|iPhone.ActiveCfg = Release|iPhone
		{F80EF77B-83D1-4B85-A0D7-C30BED0E7A7C}.Release|iPhone.Build.0 = Release|iPhone
		{F80EF77B-83D1-4B85-A0D7-C30BED0E7A7C}.Ad-Hoc|iPhone.ActiveCfg = Ad-Hoc|iPhone
		{F80EF77B-83D1-4B85-A0D7-C30BED0E7A7C}.Ad-Hoc|iPhone.Build.0 = Ad-Hoc|iPhone
		{F80EF77B-83D1-4B85-A0D7-C30BED0E7A7C}.AppStore|iPhone.ActiveCfg = AppStore|iPhone
		{F80EF77B-83D1-4B85-A0D7-C30BED0E7A7C}.AppStore|iPhone.Build.0 = AppStore|iPhone
	EndGlobalSection
EndGlobal
